
Microsoft Visual Studio Solution File, Format Version 12.00
# Visual Studio Version 16
VisualStudioVersion = 16.0.30204.135
MinimumVisualStudioVersion = 10.0.40219.1
Project("{9A19103F-16F7-4668-BE54-9A1E7A4F7556}") = "RetoBackend.Api", "RetoBackend.Api\RetoBackend.Api.csproj", "{9ED3E4C4-07B4-48BB-B649-DB4C74A247C7}"
EndProject
Project("{9A19103F-16F7-4668-BE54-9A1E7A4F7556}") = "RetoBackend.Api.Tests", "RetoBackend.Api.Tests\RetoBackend.Api.Tests.csproj", "{AD9DBA62-5901-4ACB-B2B8-2750E020E6FB}"
EndProject
Global
	GlobalSection(SolutionConfigurationPlatforms) = preSolution
		Debug|Any CPU = Debug|Any CPU
		Release|Any CPU = Release|Any CPU
	EndGlobalSection
	GlobalSection(ProjectConfigurationPlatforms) = postSolution
		{9ED3E4C4-07B4-48BB-B649-DB4C74A247C7}.Debug|Any CPU.ActiveCfg = Debug|Any CPU
		{9ED3E4C4-07B4-48BB-B649-DB4C74A247C7}.Debug|Any CPU.Build.0 = Debug|Any CPU
		{9ED3E4C4-07B4-48BB-B649-DB4C74A247C7}.Release|Any CPU.ActiveCfg = Release|Any CPU
		{9ED3E4C4-07B4-48BB-B649-DB4C74A247C7}.Release|Any CPU.Build.0 = Release|Any CPU
		{AD9DBA62-5901-4ACB-B2B8-2750E020E6FB}.Debug|Any CPU.ActiveCfg = Debug|Any CPU
		{AD9DBA62-5901-4ACB-B2B8-2750E020E6FB}.Debug|Any CPU.Build.0 = Debug|Any CPU
		{AD9DBA62-5901-4ACB-B2B8-2750E020E6FB}.Release|Any CPU.ActiveCfg = Release|Any CPU
		{AD9DBA62-5901-4ACB-B2B8-2750E020E6FB}.Release|Any CPU.Build.0 = Release|Any CPU
	EndGlobalSection
	GlobalSection(SolutionProperties) = preSolution
		HideSolutionNode = FALSE
	EndGlobalSection
	GlobalSection(ExtensibilityGlobals) = postSolution
		SolutionGuid = {F8C51721-FF7F-407B-AD40-05C29C60F0F2}
	EndGlobalSection
EndGlobal
